
Microsoft Visual Studio Solution File, Format Version 12.00
# Visual Studio Version 16
VisualStudioVersion = 16.0.28803.156
MinimumVisualStudioVersion = 10.0.40219.1
Project("{FAE04EC0-301F-11D3-BF4B-00C04F79EFBC}") = "HSPCoffeeSync.Android", "HSPCoffeeSync\HSPCoffeeSync.Android\HSPCoffeeSync.Android.csproj", "{7339AF17-26F6-4AF7-BC16-935BBB84AB50}"
EndProject
Project("{FAE04EC0-301F-11D3-BF4B-00C04F79EFBC}") = "HSPCoffeeSync.iOS", "HSPCoffeeSync\HSPCoffeeSync.iOS\HSPCoffeeSync.iOS.csproj", "{8420D25D-8331-46C4-A615-DF1346A9502A}"
EndProject
Project("{FAE04EC0-301F-11D3-BF4B-00C04F79EFBC}") = "HSPCoffeeSync", "HSPCoffeeSync\HSPCoffeeSync\HSPCoffeeSync.csproj", "{27C91D16-0C0F-42A2-B5C4-3E84C4B242F9}"
EndProject
Global
	GlobalSection(SolutionConfigurationPlatforms) = preSolution
		Debug|Any CPU = Debug|Any CPU
		Debug|iPhone = Debug|iPhone
		Debug|iPhoneSimulator = Debug|iPhoneSimulator
		Release|Any CPU = Release|Any CPU
		Release|iPhone = Release|iPhone
		Release|iPhoneSimulator = Release|iPhoneSimulator
	EndGlobalSection
	GlobalSection(ProjectConfigurationPlatforms) = postSolution
		{7339AF17-26F6-4AF7-BC16-935BBB84AB50}.Debug|Any CPU.ActiveCfg = Debug|Any CPU
		{7339AF17-26F6-4AF7-BC16-935BBB84AB50}.Debug|Any CPU.Build.0 = Debug|Any CPU
		{7339AF17-26F6-4AF7-BC16-935BBB84AB50}.Debug|Any CPU.Deploy.0 = Debug|Any CPU
		{7339AF17-26F6-4AF7-BC16-935BBB84AB50}.Debug|iPhone.ActiveCfg = Debug|Any CPU
		{7339AF17-26F6-4AF7-BC16-935BBB84AB50}.Debug|iPhone.Build.0 = Debug|Any CPU
		{7339AF17-26F6-4AF7-BC16-935BBB84AB50}.Debug|iPhone.Deploy.0 = Debug|Any CPU
		{7339AF17-26F6-4AF7-BC16-935BBB84AB50}.Debug|iPhoneSimulator.ActiveCfg = Debug|Any CPU
		{7339AF17-26F6-4AF7-BC16-935BBB84AB50}.Debug|iPhoneSimulator.Build.0 = Debug|Any CPU
		{7339AF17-26F6-4AF7-BC16-935BBB84AB50}.Debug|iPhoneSimulator.Deploy.0 = Debug|Any CPU
		{7339AF17-26F6-4AF7-BC16-935BBB84AB50}.Release|Any CPU.ActiveCfg = Release|Any CPU
		{7339AF17-26F6-4AF7-BC16-935BBB84AB50}.Release|Any CPU.Build.0 = Release|Any CPU
		{7339AF17-26F6-4AF7-BC16-935BBB84AB50}.Release|Any CPU.Deploy.0 = Release|Any CPU
		{7339AF17-26F6-4AF7-BC16-935BBB84AB50}.Release|iPhone.ActiveCfg = Release|Any CPU
		{7339AF17-26F6-4AF7-BC16-935BBB84AB50}.Release|iPhone.Build.0 = Release|Any CPU
		{7339AF17-26F6-4AF7-BC16-935BBB84AB50}.Release|iPhone.Deploy.0 = Release|Any CPU
		{7339AF17-26F6-4AF7-BC16-935BBB84AB50}.Release|iPhoneSimulator.ActiveCfg = Release|Any CPU
		{7339AF17-26F6-4AF7-BC16-935BBB84AB50}.Release|iPhoneSimulator.Build.0 = Release|Any CPU
		{7339AF17-26F6-4AF7-BC16-935BBB84AB50}.Release|iPhoneSimulator.Deploy.0 = Release|Any CPU
		{8420D25D-8331-46C4-A615-DF1346A9502A}.Debug|Any CPU.ActiveCfg = Debug|iPhoneSimulator
		{8420D25D-8331-46C4-A615-DF1346A9502A}.Debug|Any CPU.Build.0 = Debug|iPhoneSimulator
		{8420D25D-8331-46C4-A615-DF1346A9502A}.Debug|Any CPU.Deploy.0 = Debug|iPhoneSimulator
		{8420D25D-8331-46C4-A615-DF1346A9502A}.Debug|iPhone.ActiveCfg = Debug|iPhone
		{8420D25D-8331-46C4-A615-DF1346A9502A}.Debug|iPhone.Build.0 = Debug|iPhone
		{8420D25D-8331-46C4-A615-DF1346A9502A}.Debug|iPhone.Deploy.0 = Debug|iPhone
		{8420D25D-8331-46C4-A615-DF1346A9502A}.Debug|iPhoneSimulator.ActiveCfg = Debug|iPhoneSimulator
		{8420D25D-8331-46C4-A615-DF1346A9502A}.Debug|iPhoneSimulator.Build.0 = Debug|iPhoneSimulator
		{8420D25D-8331-46C4-A615-DF1346A9502A}.Debug|iPhoneSimulator.Deploy.0 = Debug|iPhoneSimulator
		{8420D25D-8331-46C4-A615-DF1346A9502A}.Release|Any CPU.ActiveCfg = Release|iPhone
		{8420D25D-8331-46C4-A615-DF1346A9502A}.Release|Any CPU.Build.0 = Release|iPhone
		{8420D25D-8331-46C4-A615-DF1346A9502A}.Release|Any CPU.Deploy.0 = Release|iPhone
		{8420D25D-8331-46C4-A615-DF1346A9502A}.Release|iPhone.ActiveCfg = Release|iPhone
		{8420D25D-8331-46C4-A615-DF1346A9502A}.Release|iPhone.Build.0 = Release|iPhone
		{8420D25D-8331-46C4-A615-DF1346A9502A}.Release|iPhone.Deploy.0 = Release|iPhone
		{8420D25D-8331-46C4-A615-DF1346A9502A}.Release|iPhoneSimulator.ActiveCfg = Release|iPhoneSimulator
		{8420D25D-8331-46C4-A615-DF1346A9502A}.Release|iPhoneSimulator.Build.0 = Release|iPhoneSimulator
		{8420D25D-8331-46C4-A615-DF1346A9502A}.Release|iPhoneSimulator.Deploy.0 = Release|iPhoneSimulator
		{27C91D16-0C0F-42A2-B5C4-3E84C4B242F9}.Debug|Any CPU.ActiveCfg = Debug|Any CPU
		{27C91D16-0C0F-42A2-B5C4-3E84C4B242F9}.Debug|Any CPU.Build.0 = Debug|Any CPU
		{27C91D16-0C0F-42A2-B5C4-3E84C4B242F9}.Debug|Any CPU.Deploy.0 = Debug|Any CPU
		{27C91D16-0C0F-42A2-B5C4-3E84C4B242F9}.Debug|iPhone.ActiveCfg = Debug|Any CPU
		{27C91D16-0C0F-42A2-B5C4-3E84C4B242F9}.Debug|iPhone.Build.0 = Debug|Any CPU
		{27C91D16-0C0F-42A2-B5C4-3E84C4B242F9}.Debug|iPhone.Deploy.0 = Debug|Any CPU
		{27C91D16-0C0F-42A2-B5C4-3E84C4B242F9}.Debug|iPhoneSimulator.ActiveCfg = Debug|Any CPU
		{27C91D16-0C0F-42A2-B5C4-3E84C4B242F9}.Debug|iPhoneSimulator.Build.0 = Debug|Any CPU
		{27C91D16-0C0F-42A2-B5C4-3E84C4B242F9}.Debug|iPhoneSimulator.Deploy.0 = Debug|Any CPU
		{27C91D16-0C0F-42A2-B5C4-3E84C4B242F9}.Release|Any CPU.ActiveCfg = Release|Any CPU
		{27C91D16-0C0F-42A2-B5C4-3E84C4B242F9}.Release|Any CPU.Build.0 = Release|Any CPU
		{27C91D16-0C0F-42A2-B5C4-3E84C4B242F9}.Release|Any CPU.Deploy.0 = Release|Any CPU
		{27C91D16-0C0F-42A2-B5C4-3E84C4B242F9}.Release|iPhone.ActiveCfg = Release|Any CPU
		{27C91D16-0C0F-42A2-B5C4-3E84C4B242F9}.Release|iPhone.Build.0 = Release|Any CPU
		{27C91D16-0C0F-42A2-B5C4-3E84C4B242F9}.Release|iPhone.Deploy.0 = Release|Any CPU
		{27C91D16-0C0F-42A2-B5C4-3E84C4B242F9}.Release|iPhoneSimulator.ActiveCfg = Release|Any CPU
		{27C91D16-0C0F-42A2-B5C4-3E84C4B242F9}.Release|iPhoneSimulator.Build.0 = Release|Any CPU
		{27C91D16-0C0F-42A2-B5C4-3E84C4B242F9}.Release|iPhoneSimulator.Deploy.0 = Release|Any CPU
	EndGlobalSection
	GlobalSection(SolutionProperties) = preSolution
		HideSolutionNode = FALSE
	EndGlobalSection
	GlobalSection(ExtensibilityGlobals) = postSolution
		SolutionGuid = {7F4CA20F-BFE8-4212-8D97-DF81155C52D7}
	EndGlobalSection
EndGlobal
